using System;
using System.Collections.Generic;
using System.Linq;
using System.Text;
using System.Threading.Tasks;

namespace _LR
{
    class Program
    {
        static void Main(string[] args)
        {
            float a; // = 0.095f;
            int i; // = -1;
            int c; // = 1996;
            bool l; // = false;
            string name; //="Lisovsky";
            Console.WriteLine("Input призвіще");
            name = Console.ReadLine();
            Console.WriteLine("Input a");
            a = Convert.ToSingle(Console.ReadLine());
            Console.WriteLine("Input i");
            i = Convert.ToInt32(Console.ReadLine());
            Console.WriteLine("Input c");
            c = Convert.ToInt32(Console.ReadLine());
            Console.WriteLine("Input l");
            l = Convert.ToBoolean(Console.ReadLine());

            Console.WriteLine(" Результати форматування \n name = {0, 8}, l = {1, 4}", name, l);
            System.Console.WriteLine("a = {2,6:f3}, i = {0,1}, c = {1,5}", i, c, a);
            System.Console.WriteLine("  ");
            Console.WriteLine(" Для виходу натисніть Enter ");
            System.Console.ReadLine();
        }
    }




